// !$*UTF8*$!
{
	archiveVersion = 1;
	classes = {
	};
	objectVersion = 46;
	objects = {

/* Begin PBXBuildFile section */
		7C11F0201CDC59DD003C4F8E /* main.m in Sources */ = {isa = PBXBuildFile; fileRef = 7C11F01F1CDC59DD003C4F8E /* main.m */; };
		7C11F0231CDC59DE003C4F8E /* AppDelegate.m in Sources */ = {isa = PBXBuildFile; fileRef = 7C11F0221CDC59DE003C4F8E /* AppDelegate.m */; };
		7C11F0261CDC59DE003C4F8E /* ViewController.m in Sources */ = {isa = PBXBuildFile; fileRef = 7C11F0251CDC59DE003C4F8E /* ViewController.m */; };
		7C11F0291CDC59DE003C4F8E /* Main.storyboard in Resources */ = {isa = PBXBuildFile; fileRef = 7C11F0271CDC59DE003C4F8E /* Main.storyboard */; };
		7C11F02B1CDC59DE003C4F8E /* Assets.xcassets in Resources */ = {isa = PBXBuildFile; fileRef = 7C11F02A1CDC59DE003C4F8E /* Assets.xcassets */; };
		7C11F02E1CDC59DE003C4F8E /* LaunchScreen.storyboard in Resources */ = {isa = PBXBuildFile; fileRef = 7C11F02C1CDC59DE003C4F8E /* LaunchScreen.storyboard */; };
		7C11F0381CDC6733003C4F8E /* MenuViewController.m in Sources */ = {isa = PBXBuildFile; fileRef = 7C11F0361CDC6733003C4F8E /* MenuViewController.m */; };
		7C11F0391CDC6733003C4F8E /* MenuViewController.xib in Resources */ = {isa = PBXBuildFile; fileRef = 7C11F0371CDC6733003C4F8E /* MenuViewController.xib */; };
		7C11F03C1CDC6791003C4F8E /* CustomTextView.m in Sources */ = {isa = PBXBuildFile; fileRef = 7C11F03B1CDC6791003C4F8E /* CustomTextView.m */; };
		7C11F0401CDC9072003C4F8E /* ChangeFrameViewController.m in Sources */ = {isa = PBXBuildFile; fileRef = 7C11F03E1CDC9072003C4F8E /* ChangeFrameViewController.m */; };
		7C11F0411CDC9072003C4F8E /* ChangeFrameViewController.xib in Resources */ = {isa = PBXBuildFile; fileRef = 7C11F03F1CDC9072003C4F8E /* ChangeFrameViewController.xib */; };
		7C11F0451CDCA10F003C4F8E /* PlaceholderViewController.m in Sources */ = {isa = PBXBuildFile; fileRef = 7C11F0431CDCA10F003C4F8E /* PlaceholderViewController.m */; };
		7C11F0461CDCA10F003C4F8E /* PlaceholderViewController.xib in Resources */ = {isa = PBXBuildFile; fileRef = 7C11F0441CDCA10F003C4F8E /* PlaceholderViewController.xib */; };
		7C11F0491CDCA167003C4F8E /* UIPlaceholderTextView.m in Sources */ = {isa = PBXBuildFile; fileRef = 7C11F0481CDCA167003C4F8E /* UIPlaceholderTextView.m */; };
/* End PBXBuildFile section */

/* Begin PBXFileReference section */
		7C11F01B1CDC59DD003C4F8E /* TextViewDemo.app */ = {isa = PBXFileReference; explicitFileType = wrapper.application; includeInIndex = 0; path = TextViewDemo.app; sourceTree = BUILT_PRODUCTS_DIR; };
		7C11F01F1CDC59DD003C4F8E /* main.m */ = {isa = PBXFileReference; lastKnownFileType = sourcecode.c.objc; path = main.m; sourceTree = "<group>"; };
		7C11F0211CDC59DE003C4F8E /* AppDelegate.h */ = {isa = PBXFileReference; lastKnownFileType = sourcecode.c.h; path = AppDelegate.h; sourceTree = "<group>"; };
		7C11F0221CDC59DE003C4F8E /* AppDelegate.m */ = {isa = PBXFileReference; lastKnownFileType = sourcecode.c.objc; path = AppDelegate.m; sourceTree = "<group>"; };
		7C11F0241CDC59DE003C4F8E /* ViewController.h */ = {isa = PBXFileReference; lastKnownFileType = sourcecode.c.h; path = ViewController.h; sourceTree = "<group>"; };
		7C11F0251CDC59DE003C4F8E /* ViewController.m */ = {isa = PBXFileReference; lastKnownFileType = sourcecode.c.objc; path = ViewController.m; sourceTree = "<group>"; };
		7C11F0281CDC59DE003C4F8E /* Base */ = {isa = PBXFileReference; lastKnownFileType = file.storyboard; name = Base; path = Base.lproj/Main.storyboard; sourceTree = "<group>"; };
		7C11F02A1CDC59DE003C4F8E /* Assets.xcassets */ = {isa = PBXFileReference; lastKnownFileType = folder.assetcatalog; path = Assets.xcassets; sourceTree = "<group>"; };
		7C11F02D1CDC59DE003C4F8E /* Base */ = {isa = PBXFileReference; lastKnownFileType = file.storyboard; name = Base; path = Base.lproj/LaunchScreen.storyboard; sourceTree = "<group>"; };
		7C11F02F1CDC59DE003C4F8E /* Info.plist */ = {isa = PBXFileReference; lastKnownFileType = text.plist.xml; path = Info.plist; sourceTree = "<group>"; };
		7C11F0351CDC6733003C4F8E /* MenuViewController.h */ = {isa = PBXFileReference; fileEncoding = 4; lastKnownFileType = sourcecode.c.h; path = MenuViewController.h; sourceTree = "<group>"; };
		7C11F0361CDC6733003C4F8E /* MenuViewController.m */ = {isa = PBXFileReference; fileEncoding = 4; lastKnownFileType = sourcecode.c.objc; path = MenuViewController.m; sourceTree = "<group>"; };
		7C11F0371CDC6733003C4F8E /* MenuViewController.xib */ = {isa = PBXFileReference; fileEncoding = 4; lastKnownFileType = file.xib; path = MenuViewController.xib; sourceTree = "<group>"; };
		7C11F03A1CDC6791003C4F8E /* CustomTextView.h */ = {isa = PBXFileReference; fileEncoding = 4; lastKnownFileType = sourcecode.c.h; path = CustomTextView.h; sourceTree = "<group>"; };
		7C11F03B1CDC6791003C4F8E /* CustomTextView.m */ = {isa = PBXFileReference; fileEncoding = 4; lastKnownFileType = sourcecode.c.objc; path = CustomTextView.m; sourceTree = "<group>"; };
		7C11F03D1CDC9072003C4F8E /* ChangeFrameViewController.h */ = {isa = PBXFileReference; fileEncoding = 4; lastKnownFileType = sourcecode.c.h; path = ChangeFrameViewController.h; sourceTree = "<group>"; };
		7C11F03E1CDC9072003C4F8E /* ChangeFrameViewController.m */ = {isa = PBXFileReference; fileEncoding = 4; lastKnownFileType = sourcecode.c.objc; path = ChangeFrameViewController.m; sourceTree = "<group>"; };
		7C11F03F1CDC9072003C4F8E /* ChangeFrameViewController.xib */ = {isa = PBXFileReference; fileEncoding = 4; lastKnownFileType = file.xib; path = ChangeFrameViewController.xib; sourceTree = "<group>"; };
		7C11F0421CDCA10F003C4F8E /* PlaceholderViewController.h */ = {isa = PBXFileReference; fileEncoding = 4; lastKnownFileType = sourcecode.c.h; path = PlaceholderViewController.h; sourceTree = "<group>"; };
		7C11F0431CDCA10F003C4F8E /* PlaceholderViewController.m */ = {isa = PBXFileReference; fileEncoding = 4; lastKnownFileType = sourcecode.c.objc; path = PlaceholderViewController.m; sourceTree = "<group>"; };
		7C11F0441CDCA10F003C4F8E /* PlaceholderViewController.xib */ = {isa = PBXFileReference; fileEncoding = 4; lastKnownFileType = file.xib; path = PlaceholderViewController.xib; sourceTree = "<group>"; };
		7C11F0471CDCA167003C4F8E /* UIPlaceholderTextView.h */ = {isa = PBXFileReference; fileEncoding = 4; lastKnownFileType = sourcecode.c.h; path = UIPlaceholderTextView.h; sourceTree = "<group>"; };
		7C11F0481CDCA167003C4F8E /* UIPlaceholderTextView.m */ = {isa = PBXFileReference; fileEncoding = 4; lastKnownFileType = sourcecode.c.objc; path = UIPlaceholderTextView.m; sourceTree = "<group>"; };
/* End PBXFileReference section */

/* Begin PBXFrameworksBuildPhase section */
		7C11F0181CDC59DD003C4F8E /* Frameworks */ = {
			isa = PBXFrameworksBuildPhase;
			buildActionMask = 2147483647;
			files = (
			);
			runOnlyForDeploymentPostprocessing = 0;
		};
/* End PBXFrameworksBuildPhase section */

/* Begin PBXGroup section */
		7C11F0121CDC59DA003C4F8E = {
			isa = PBXGroup;
			children = (
				7C11F01D1CDC59DD003C4F8E /* TextViewDemo */,
				7C11F01C1CDC59DD003C4F8E /* Products */,
			);
			sourceTree = "<group>";
		};
		7C11F01C1CDC59DD003C4F8E /* Products */ = {
			isa = PBXGroup;
			children = (
				7C11F01B1CDC59DD003C4F8E /* TextViewDemo.app */,
			);
			name = Products;
			sourceTree = "<group>";
		};
		7C11F01D1CDC59DD003C4F8E /* TextViewDemo */ = {
			isa = PBXGroup;
			children = (
				7C11F0211CDC59DE003C4F8E /* AppDelegate.h */,
				7C11F0221CDC59DE003C4F8E /* AppDelegate.m */,
				7C11F0241CDC59DE003C4F8E /* ViewController.h */,
				7C11F0251CDC59DE003C4F8E /* ViewController.m */,
				7C11F0271CDC59DE003C4F8E /* Main.storyboard */,
				7C11F0351CDC6733003C4F8E /* MenuViewController.h */,
				7C11F0361CDC6733003C4F8E /* MenuViewController.m */,
				7C11F0371CDC6733003C4F8E /* MenuViewController.xib */,
				7C11F03A1CDC6791003C4F8E /* CustomTextView.h */,
				7C11F03B1CDC6791003C4F8E /* CustomTextView.m */,
				7C11F03D1CDC9072003C4F8E /* ChangeFrameViewController.h */,
				7C11F03E1CDC9072003C4F8E /* ChangeFrameViewController.m */,
				7C11F03F1CDC9072003C4F8E /* ChangeFrameViewController.xib */,
				7C11F0421CDCA10F003C4F8E /* PlaceholderViewController.h */,
				7C11F0431CDCA10F003C4F8E /* PlaceholderViewController.m */,
				7C11F0441CDCA10F003C4F8E /* PlaceholderViewController.xib */,
				7C11F0471CDCA167003C4F8E /* UIPlaceholderTextView.h */,
				7C11F0481CDCA167003C4F8E /* UIPlaceholderTextView.m */,
				7C11F02A1CDC59DE003C4F8E /* Assets.xcassets */,
				7C11F02C1CDC59DE003C4F8E /* LaunchScreen.storyboard */,
				7C11F02F1CDC59DE003C4F8E /* Info.plist */,
				7C11F01E1CDC59DD003C4F8E /* Supporting Files */,
			);
			path = TextViewDemo;
			sourceTree = "<group>";
		};
		7C11F01E1CDC59DD003C4F8E /* Supporting Files */ = {
			isa = PBXGroup;
			children = (
				7C11F01F1CDC59DD003C4F8E /* main.m */,
			);
			name = "Supporting Files";
			sourceTree = "<group>";
		};
/* End PBXGroup section */

/* Begin PBXNativeTarget section */
		7C11F01A1CDC59DD003C4F8E /* TextViewDemo */ = {
			isa = PBXNativeTarget;
			buildConfigurationList = 7C11F0321CDC59DE003C4F8E /* Build configuration list for PBXNativeTarget "TextViewDemo" */;
			buildPhases = (
				7C11F0171CDC59DD003C4F8E /* Sources */,
				7C11F0181CDC59DD003C4F8E /* Frameworks */,
				7C11F0191CDC59DD003C4F8E /* Resources */,
			);
			buildRules = (
			);
			dependencies = (
			);
			name = TextViewDemo;
			productName = TextViewDemo;
			productReference = 7C11F01B1CDC59DD003C4F8E /* TextViewDemo.app */;
			productType = "com.apple.product-type.application";
		};
/* End PBXNativeTarget section */

/* Begin PBXProject section */
		7C11F0131CDC59DC003C4F8E /* Project object */ = {
			isa = PBXProject;
			attributes = {
				LastUpgradeCheck = 0720;
				ORGANIZATIONNAME = Netease;
				TargetAttributes = {
					7C11F01A1CDC59DD003C4F8E = {
						CreatedOnToolsVersion = 7.2;
					};
				};
			};
			buildConfigurationList = 7C11F0161CDC59DC003C4F8E /* Build configuration list for PBXProject "TextViewDemo" */;
			compatibilityVersion = "Xcode 3.2";
			developmentRegion = English;
			hasScannedForEncodings = 0;
			knownRegions = (
				en,
				Base,
			);
			mainGroup = 7C11F0121CDC59DA003C4F8E;
			productRefGroup = 7C11F01C1CDC59DD003C4F8E /* Products */;
			projectDirPath = "";
			projectRoot = "";
			targets = (
				7C11F01A1CDC59DD003C4F8E /* TextViewDemo */,
			);
		};
/* End PBXProject section */

/* Begin PBXResourcesBuildPhase section */
		7C11F0191CDC59DD003C4F8E /* Resources */ = {
			isa = PBXResourcesBuildPhase;
			buildActionMask = 2147483647;
			files = (
				7C11F0461CDCA10F003C4F8E /* PlaceholderViewController.xib in Resources */,
				7C11F02E1CDC59DE003C4F8E /* LaunchScreen.storyboard in Resources */,
				7C11F02B1CDC59DE003C4F8E /* Assets.xcassets in Resources */,
				7C11F0291CDC59DE003C4F8E /* Main.storyboard in Resources */,
				7C11F0411CDC9072003C4F8E /* ChangeFrameViewController.xib in Resources */,
				7C11F0391CDC6733003C4F8E /* MenuViewController.xib in Resources */,
			);
			runOnlyForDeploymentPostprocessing = 0;
		};
/* End PBXResourcesBuildPhase section */

/* Begin PBXSourcesBuildPhase section */
		7C11F0171CDC59DD003C4F8E /* Sources */ = {
			isa = PBXSourcesBuildPhase;
			buildActionMask = 2147483647;
			files = (
				7C11F0401CDC9072003C4F8E /* ChangeFrameViewController.m in Sources */,
				7C11F03C1CDC6791003C4F8E /* CustomTextView.m in Sources */,
				7C11F0261CDC59DE003C4F8E /* ViewController.m in Sources */,
				7C11F0491CDCA167003C4F8E /* UIPlaceholderTextView.m in Sources */,
				7C11F0231CDC59DE003C4F8E /* AppDelegate.m in Sources */,
				7C11F0201CDC59DD003C4F8E /* main.m in Sources */,
				7C11F0381CDC6733003C4F8E /* MenuViewController.m in Sources */,
				7C11F0451CDCA10F003C4F8E /* PlaceholderViewController.m in Sources */,
			);
			runOnlyForDeploymentPostprocessing = 0;
		};
/* End PBXSourcesBuildPhase section */

/* Begin PBXVariantGroup section */
		7C11F0271CDC59DE003C4F8E /* Main.storyboard */ = {
			isa = PBXVariantGroup;
			children = (
				7C11F0281CDC59DE003C4F8E /* Base */,
			);
			name = Main.storyboard;
			sourceTree = "<group>";
		};
		7C11F02C1CDC59DE003C4F8E /* LaunchScreen.storyboard */ = {
			isa = PBXVariantGroup;
			children = (
				7C11F02D1CDC59DE003C4F8E /* Base */,
			);
			name = LaunchScreen.storyboard;
			sourceTree = "<group>";
		};
/* End PBXVariantGroup section */

/* Begin XCBuildConfiguration section */
		7C11F0301CDC59DE003C4F8E /* Debug */ = {
			isa = XCBuildConfiguration;
			buildSettings = {
				ALWAYS_SEARCH_USER_PATHS = NO;
				CLANG_CXX_LANGUAGE_STANDARD = "gnu++0x";
				CLANG_CXX_LIBRARY = "libc++";
				CLANG_ENABLE_MODULES = YES;
				CLANG_ENABLE_OBJC_ARC = YES;
				CLANG_WARN_BOOL_CONVERSION = YES;
				CLANG_WARN_CONSTANT_CONVERSION = YES;
				CLANG_WARN_DIRECT_OBJC_ISA_USAGE = YES_ERROR;
				CLANG_WARN_EMPTY_BODY = YES;
				CLANG_WARN_ENUM_CONVERSION = YES;
				CLANG_WARN_INT_CONVERSION = YES;
				CLANG_WARN_OBJC_ROOT_CLASS = YES_ERROR;
				CLANG_WARN_UNREACHABLE_CODE = YES;
				CLANG_WARN__DUPLICATE_METHOD_MATCH = YES;
				"CODE_SIGN_IDENTITY[sdk=iphoneos*]" = "iPhone Developer";
				COPY_PHASE_STRIP = NO;
				DEBUG_INFORMATION_FORMAT = dwarf;
				ENABLE_STRICT_OBJC_MSGSEND = YES;
				ENABLE_TESTABILITY = YES;
				GCC_C_LANGUAGE_STANDARD = gnu99;
				GCC_DYNAMIC_NO_PIC = NO;
				GCC_NO_COMMON_BLOCKS = YES;
				GCC_OPTIMIZATION_LEVEL = 0;
				GCC_PREPROCESSOR_DEFINITIONS = (
					"DEBUG=1",
					"$(inherited)",
				);
				GCC_WARN_64_TO_32_BIT_CONVERSION = YES;
				GCC_WARN_ABOUT_RETURN_TYPE = YES_ERROR;
				GCC_WARN_UNDECLARED_SELECTOR = YES;
				GCC_WARN_UNINITIALIZED_AUTOS = YES_AGGRESSIVE;
				GCC_WARN_UNUSED_FUNCTION = YES;
				GCC_WARN_UNUSED_VARIABLE = YES;
				IPHONEOS_DEPLOYMENT_TARGET = 9.2;
				MTL_ENABLE_DEBUG_INFO = YES;
				ONLY_ACTIVE_ARCH = YES;
				SDKROOT = iphoneos;
			};
			name = Debug;
		};
		7C11F0311CDC59DE003C4F8E /* Release */ = {
			isa = XCBuildConfiguration;
			buildSettings = {
				ALWAYS_SEARCH_USER_PATHS = NO;
				CLANG_CXX_LANGUAGE_STANDARD = "gnu++0x";
				CLANG_CXX_LIBRARY = "libc++";
				CLANG_ENABLE_MODULES = YES;
				CLANG_ENABLE_OBJC_ARC = YES;
				CLANG_WARN_BOOL_CONVERSION = YES;
				CLANG_WARN_CONSTANT_CONVERSION = YES;
				CLANG_WARN_DIRECT_OBJC_ISA_USAGE = YES_ERROR;
				CLANG_WARN_EMPTY_BODY = YES;
				CLANG_WARN_ENUM_CONVERSION = YES;
				CLANG_WARN_INT_CONVERSION = YES;
				CLANG_WARN_OBJC_ROOT_CLASS = YES_ERROR;
				CLANG_WARN_UNREACHABLE_CODE = YES;
				CLANG_WARN__DUPLICATE_METHOD_MATCH = YES;
				"CODE_SIGN_IDENTITY[sdk=iphoneos*]" = "iPhone Developer";
				COPY_PHASE_STRIP = NO;
				DEBUG_INFORMATION_FORMAT = "dwarf-with-dsym";
				ENABLE_NS_ASSERTIONS = NO;
				ENABLE_STRICT_OBJC_MSGSEND = YES;
				GCC_C_LANGUAGE_STANDARD = gnu99;
				GCC_NO_COMMON_BLOCKS = YES;
				GCC_WARN_64_TO_32_BIT_CONVERSION = YES;
				GCC_WARN_ABOUT_RETURN_TYPE = YES_ERROR;
				GCC_WARN_UNDECLARED_SELECTOR = YES;
				GCC_WARN_UNINITIALIZED_AUTOS = YES_AGGRESSIVE;
				GCC_WARN_UNUSED_FUNCTION = YES;
				GCC_WARN_UNUSED_VARIABLE = YES;
				IPHONEOS_DEPLOYMENT_TARGET = 9.2;
				MTL_ENABLE_DEBUG_INFO = NO;
				SDKROOT = iphoneos;
				VALIDATE_PRODUCT = YES;
			};
			name = Release;
		};
		7C11F0331CDC59DE003C4F8E /* Debug */ = {
			isa = XCBuildConfiguration;
			buildSettings = {
				ASSETCATALOG_COMPILER_APPICON_NAME = AppIcon;
				INFOPLIST_FILE = TextViewDemo/Info.plist;
				LD_RUNPATH_SEARCH_PATHS = "$(inherited) @executable_path/Frameworks";
				PRODUCT_BUNDLE_IDENTIFIER = xu.wei.TextViewDemo;
				PRODUCT_NAME = "$(TARGET_NAME)";
			};
			name = Debug;
		};
		7C11F0341CDC59DE003C4F8E /* Release */ = {
			isa = XCBuildConfiguration;
			buildSettings = {
				ASSETCATALOG_COMPILER_APPICON_NAME = AppIcon;
				INFOPLIST_FILE = TextViewDemo/Info.plist;
				LD_RUNPATH_SEARCH_PATHS = "$(inherited) @executable_path/Frameworks";
				PRODUCT_BUNDLE_IDENTIFIER = xu.wei.TextViewDemo;
				PRODUCT_NAME = "$(TARGET_NAME)";
			};
			name = Release;
		};
/* End XCBuildConfiguration section */

/* Begin XCConfigurationList section */
		7C11F0161CDC59DC003C4F8E /* Build configuration list for PBXProject "TextViewDemo" */ = {
			isa = XCConfigurationList;
			buildConfigurations = (
				7C11F0301CDC59DE003C4F8E /* Debug */,
				7C11F0311CDC59DE003C4F8E /* Release */,
			);
			defaultConfigurationIsVisible = 0;
			defaultConfigurationName = Release;
		};
		7C11F0321CDC59DE003C4F8E /* Build configuration list for PBXNativeTarget "TextViewDemo" */ = {
			isa = XCConfigurationList;
			buildConfigurations = (
				7C11F0331CDC59DE003C4F8E /* Debug */,
				7C11F0341CDC59DE003C4F8E /* Release */,
			);
			defaultConfigurationIsVisible = 0;
			defaultConfigurationName = Release;
		};
/* End XCConfigurationList section */
	};
	rootObject = 7C11F0131CDC59DC003C4F8E /* Project object */;
}
